
Microsoft Visual Studio Solution File, Format Version 12.00
# Visual Studio Version 17
VisualStudioVersion = 17.0.31903.59
MinimumVisualStudioVersion = 10.0.40219.1
Project("{FAE04EC0-301F-11D3-BF4B-00C04F79EFBC}") = "Xcepto", "Xcepto\Xcepto.csproj", "{8927C312-F754-408E-B175-39A2C498D460}"
EndProject
Project("{FAE04EC0-301F-11D3-BF4B-00C04F79EFBC}") = "Xcepto.RabbitMQ", "Xcepto.RabbitMQ\Xcepto.RabbitMQ.csproj", "{4F00379C-9805-4504-B6EB-8BA669F98F98}"
EndProject
Project("{FAE04EC0-301F-11D3-BF4B-00C04F79EFBC}") = "Xcepto.Rest", "Xcepto.Rest\Xcepto.Rest.csproj", "{0D91D55B-0E77-498C-B8FF-56FE33BF4323}"
EndProject
Project("{2150E333-8FDC-42A3-9474-1A3956D46DE8}") = "Samples", "Samples", "{1C2E2691-2BCB-4F59-9222-DDA2C58EC928}"
EndProject
Project("{2150E333-8FDC-42A3-9474-1A3956D46DE8}") = "Shopping", "Shopping", "{A6392528-51FA-433E-9CB7-40ABD63C251C}"
EndProject
Project("{FAE04EC0-301F-11D3-BF4B-00C04F79EFBC}") = "Samples.Shopping.Events", "Samples\Shopping\Samples.Shopping.Events\Samples.Shopping.Events.csproj", "{5D7CFF1C-D443-4CA6-90CD-232F1886F5CF}"
EndProject
Project("{FAE04EC0-301F-11D3-BF4B-00C04F79EFBC}") = "Samples.Shopping.Api", "Samples\Shopping\Samples.Shopping.Api\Samples.Shopping.Api.csproj", "{9EFEF8F5-B8F3-43EC-866C-1CF84A653E4F}"
EndProject
Project("{FAE04EC0-301F-11D3-BF4B-00C04F79EFBC}") = "Samples.Shopping.Api.Contracts", "Samples\Shopping\Samples.Shopping.Api.Contracts\Samples.Shopping.Api.Contracts.csproj", "{AE25894A-E2EA-41C7-8F7D-D052C7644C15}"
EndProject
Project("{FAE04EC0-301F-11D3-BF4B-00C04F79EFBC}") = "Samples.Shopping.Cart", "Samples\Shopping\Samples.Shopping.Cart\Samples.Shopping.Cart.csproj", "{6D080E37-7432-44EC-BFAA-01855F6A6125}"
EndProject
Project("{FAE04EC0-301F-11D3-BF4B-00C04F79EFBC}") = "Samples.Shopping.Search", "Samples\Shopping\Samples.Shopping.Search\Samples.Shopping.Search.csproj", "{CCE3C156-021B-44BD-BF90-7B8BAFFCC6C3}"
EndProject
Project("{FAE04EC0-301F-11D3-BF4B-00C04F79EFBC}") = "Samples.Shopping.Tests", "Samples\Shopping\Samples.Shopping.Tests\Samples.Shopping.Tests.csproj", "{CC41F480-A347-4C80-A970-33E78B7D6F4B}"
EndProject
Project("{2150E333-8FDC-42A3-9474-1A3956D46DE8}") = "Timeout", "Timeout", "{BABA2E33-65CD-4EB3-8FDC-3DF7B2DC2EAD}"
EndProject
Project("{FAE04EC0-301F-11D3-BF4B-00C04F79EFBC}") = "Timeout.Tests", "Samples\Timeout\Timeout.Tests\Timeout.Tests.csproj", "{1528411F-7501-47E1-AC05-E1F9443D12A0}"
EndProject
Project("{2150E333-8FDC-42A3-9474-1A3956D46DE8}") = "ExceptionPropagation", "ExceptionPropagation", "{1A58CF57-3A44-4F35-829A-4A3277CE6F18}"
EndProject
Project("{FAE04EC0-301F-11D3-BF4B-00C04F79EFBC}") = "ExceptionPropagation.Tests", "Samples\ExceptionPropagation\ExceptionPropagation.Tests\ExceptionPropagation.Tests.csproj", "{D7E586B4-6769-4A5B-B8EF-D6579B3EB6BA}"
EndProject
Project("{2150E333-8FDC-42A3-9474-1A3956D46DE8}") = "Sequential", "Sequential", "{757DBA66-E0D0-40A4-BC15-90616959B4B4}"
EndProject
Project("{FAE04EC0-301F-11D3-BF4B-00C04F79EFBC}") = "Sequential.Tests", "Samples\Sequential\Sequential.Tests\Sequential.Tests.csproj", "{02BE5337-E197-438A-832F-96D19B6F613A}"
EndProject
Project("{2150E333-8FDC-42A3-9474-1A3956D46DE8}") = "Compartments", "Compartments", "{4B1B1F39-76D0-449B-A9D9-DE4A38832355}"
EndProject
Project("{FAE04EC0-301F-11D3-BF4B-00C04F79EFBC}") = "Compartments.Tests", "Samples\Compartments\Compartments.Tests\Compartments.Tests.csproj", "{9322C397-B7AF-4034-BC29-3E5059674C18}"
EndProject
Global
	GlobalSection(SolutionConfigurationPlatforms) = preSolution
		Debug|Any CPU = Debug|Any CPU
		Release|Any CPU = Release|Any CPU
	EndGlobalSection
	GlobalSection(SolutionProperties) = preSolution
		HideSolutionNode = FALSE
	EndGlobalSection
	GlobalSection(ProjectConfigurationPlatforms) = postSolution
		{8927C312-F754-408E-B175-39A2C498D460}.Debug|Any CPU.ActiveCfg = Debug|Any CPU
		{8927C312-F754-408E-B175-39A2C498D460}.Debug|Any CPU.Build.0 = Debug|Any CPU
		{8927C312-F754-408E-B175-39A2C498D460}.Release|Any CPU.ActiveCfg = Release|Any CPU
		{8927C312-F754-408E-B175-39A2C498D460}.Release|Any CPU.Build.0 = Release|Any CPU
		{4F00379C-9805-4504-B6EB-8BA669F98F98}.Debug|Any CPU.ActiveCfg = Debug|Any CPU
		{4F00379C-9805-4504-B6EB-8BA669F98F98}.Debug|Any CPU.Build.0 = Debug|Any CPU
		{4F00379C-9805-4504-B6EB-8BA669F98F98}.Release|Any CPU.ActiveCfg = Release|Any CPU
		{4F00379C-9805-4504-B6EB-8BA669F98F98}.Release|Any CPU.Build.0 = Release|Any CPU
		{0D91D55B-0E77-498C-B8FF-56FE33BF4323}.Debug|Any CPU.ActiveCfg = Debug|Any CPU
		{0D91D55B-0E77-498C-B8FF-56FE33BF4323}.Debug|Any CPU.Build.0 = Debug|Any CPU
		{0D91D55B-0E77-498C-B8FF-56FE33BF4323}.Release|Any CPU.ActiveCfg = Release|Any CPU
		{0D91D55B-0E77-498C-B8FF-56FE33BF4323}.Release|Any CPU.Build.0 = Release|Any CPU
		{5D7CFF1C-D443-4CA6-90CD-232F1886F5CF}.Debug|Any CPU.ActiveCfg = Debug|Any CPU
		{5D7CFF1C-D443-4CA6-90CD-232F1886F5CF}.Debug|Any CPU.Build.0 = Debug|Any CPU
		{5D7CFF1C-D443-4CA6-90CD-232F1886F5CF}.Release|Any CPU.ActiveCfg = Release|Any CPU
		{5D7CFF1C-D443-4CA6-90CD-232F1886F5CF}.Release|Any CPU.Build.0 = Release|Any CPU
		{9EFEF8F5-B8F3-43EC-866C-1CF84A653E4F}.Debug|Any CPU.ActiveCfg = Debug|Any CPU
		{9EFEF8F5-B8F3-43EC-866C-1CF84A653E4F}.Debug|Any CPU.Build.0 = Debug|Any CPU
		{9EFEF8F5-B8F3-43EC-866C-1CF84A653E4F}.Release|Any CPU.ActiveCfg = Release|Any CPU
		{9EFEF8F5-B8F3-43EC-866C-1CF84A653E4F}.Release|Any CPU.Build.0 = Release|Any CPU
		{AE25894A-E2EA-41C7-8F7D-D052C7644C15}.Debug|Any CPU.ActiveCfg = Debug|Any CPU
		{AE25894A-E2EA-41C7-8F7D-D052C7644C15}.Debug|Any CPU.Build.0 = Debug|Any CPU
		{AE25894A-E2EA-41C7-8F7D-D052C7644C15}.Release|Any CPU.ActiveCfg = Release|Any CPU
		{AE25894A-E2EA-41C7-8F7D-D052C7644C15}.Release|Any CPU.Build.0 = Release|Any CPU
		{6D080E37-7432-44EC-BFAA-01855F6A6125}.Debug|Any CPU.ActiveCfg = Debug|Any CPU
		{6D080E37-7432-44EC-BFAA-01855F6A6125}.Debug|Any CPU.Build.0 = Debug|Any CPU
		{6D080E37-7432-44EC-BFAA-01855F6A6125}.Release|Any CPU.ActiveCfg = Release|Any CPU
		{6D080E37-7432-44EC-BFAA-01855F6A6125}.Release|Any CPU.Build.0 = Release|Any CPU
		{CCE3C156-021B-44BD-BF90-7B8BAFFCC6C3}.Debug|Any CPU.ActiveCfg = Debug|Any CPU
		{CCE3C156-021B-44BD-BF90-7B8BAFFCC6C3}.Debug|Any CPU.Build.0 = Debug|Any CPU
		{CCE3C156-021B-44BD-BF90-7B8BAFFCC6C3}.Release|Any CPU.ActiveCfg = Release|Any CPU
		{CCE3C156-021B-44BD-BF90-7B8BAFFCC6C3}.Release|Any CPU.Build.0 = Release|Any CPU
		{CC41F480-A347-4C80-A970-33E78B7D6F4B}.Debug|Any CPU.ActiveCfg = Debug|Any CPU
		{CC41F480-A347-4C80-A970-33E78B7D6F4B}.Debug|Any CPU.Build.0 = Debug|Any CPU
		{CC41F480-A347-4C80-A970-33E78B7D6F4B}.Release|Any CPU.ActiveCfg = Release|Any CPU
		{CC41F480-A347-4C80-A970-33E78B7D6F4B}.Release|Any CPU.Build.0 = Release|Any CPU
		{1528411F-7501-47E1-AC05-E1F9443D12A0}.Debug|Any CPU.ActiveCfg = Debug|Any CPU
		{1528411F-7501-47E1-AC05-E1F9443D12A0}.Debug|Any CPU.Build.0 = Debug|Any CPU
		{1528411F-7501-47E1-AC05-E1F9443D12A0}.Release|Any CPU.ActiveCfg = Release|Any CPU
		{1528411F-7501-47E1-AC05-E1F9443D12A0}.Release|Any CPU.Build.0 = Release|Any CPU
		{D7E586B4-6769-4A5B-B8EF-D6579B3EB6BA}.Debug|Any CPU.ActiveCfg = Debug|Any CPU
		{D7E586B4-6769-4A5B-B8EF-D6579B3EB6BA}.Debug|Any CPU.Build.0 = Debug|Any CPU
		{D7E586B4-6769-4A5B-B8EF-D6579B3EB6BA}.Release|Any CPU.ActiveCfg = Release|Any CPU
		{D7E586B4-6769-4A5B-B8EF-D6579B3EB6BA}.Release|Any CPU.Build.0 = Release|Any CPU
		{02BE5337-E197-438A-832F-96D19B6F613A}.Debug|Any CPU.ActiveCfg = Debug|Any CPU
		{02BE5337-E197-438A-832F-96D19B6F613A}.Debug|Any CPU.Build.0 = Debug|Any CPU
		{02BE5337-E197-438A-832F-96D19B6F613A}.Release|Any CPU.ActiveCfg = Release|Any CPU
		{02BE5337-E197-438A-832F-96D19B6F613A}.Release|Any CPU.Build.0 = Release|Any CPU
		{9322C397-B7AF-4034-BC29-3E5059674C18}.Debug|Any CPU.ActiveCfg = Debug|Any CPU
		{9322C397-B7AF-4034-BC29-3E5059674C18}.Debug|Any CPU.Build.0 = Debug|Any CPU
		{9322C397-B7AF-4034-BC29-3E5059674C18}.Release|Any CPU.ActiveCfg = Release|Any CPU
		{9322C397-B7AF-4034-BC29-3E5059674C18}.Release|Any CPU.Build.0 = Release|Any CPU
	EndGlobalSection
	GlobalSection(NestedProjects) = preSolution
		{A6392528-51FA-433E-9CB7-40ABD63C251C} = {1C2E2691-2BCB-4F59-9222-DDA2C58EC928}
		{5D7CFF1C-D443-4CA6-90CD-232F1886F5CF} = {A6392528-51FA-433E-9CB7-40ABD63C251C}
		{9EFEF8F5-B8F3-43EC-866C-1CF84A653E4F} = {A6392528-51FA-433E-9CB7-40ABD63C251C}
		{AE25894A-E2EA-41C7-8F7D-D052C7644C15} = {A6392528-51FA-433E-9CB7-40ABD63C251C}
		{6D080E37-7432-44EC-BFAA-01855F6A6125} = {A6392528-51FA-433E-9CB7-40ABD63C251C}
		{CCE3C156-021B-44BD-BF90-7B8BAFFCC6C3} = {A6392528-51FA-433E-9CB7-40ABD63C251C}
		{CC41F480-A347-4C80-A970-33E78B7D6F4B} = {A6392528-51FA-433E-9CB7-40ABD63C251C}
		{BABA2E33-65CD-4EB3-8FDC-3DF7B2DC2EAD} = {1C2E2691-2BCB-4F59-9222-DDA2C58EC928}
		{1528411F-7501-47E1-AC05-E1F9443D12A0} = {BABA2E33-65CD-4EB3-8FDC-3DF7B2DC2EAD}
		{1A58CF57-3A44-4F35-829A-4A3277CE6F18} = {1C2E2691-2BCB-4F59-9222-DDA2C58EC928}
		{D7E586B4-6769-4A5B-B8EF-D6579B3EB6BA} = {1A58CF57-3A44-4F35-829A-4A3277CE6F18}
		{757DBA66-E0D0-40A4-BC15-90616959B4B4} = {1C2E2691-2BCB-4F59-9222-DDA2C58EC928}
		{02BE5337-E197-438A-832F-96D19B6F613A} = {757DBA66-E0D0-40A4-BC15-90616959B4B4}
		{4B1B1F39-76D0-449B-A9D9-DE4A38832355} = {1C2E2691-2BCB-4F59-9222-DDA2C58EC928}
		{9322C397-B7AF-4034-BC29-3E5059674C18} = {4B1B1F39-76D0-449B-A9D9-DE4A38832355}
	EndGlobalSection
EndGlobal
